<Solution>
  <Project Path="HelloWorld/HelloWorld.csproj" />
  <Project Path="HellowWorld2/HellowWorld2.csproj" />
  <Project Path="Lab2/Lab2.csproj" />
  <Project Path="Lab3.1/Lab3.1.csproj" Id="8e82d908-e154-4a29-a763-ef98faa2ad89" />
  <Project Path="Lab3.2/Lab3.2.csproj" Id="8340f4d8-391a-44d3-af44-7d048264d2a6" />
  <Project Path="Lab3.3/Lab3.3.csproj" Id="c491b80a-1321-443d-97f7-9bde7d52eb3f" />
  <Project Path="Lab4/Lab4.csproj" Id="48dd72f3-2b95-49a4-ba06-93c498566b24" />
  <Project Path="Lab5/Lab5.csproj" Id="1e733869-0f59-4bcf-b33e-042b3f5eb6ca" />
  <Project Path="Vars/Vars.csproj" Id="5cdf6a21-a34e-4112-b4b5-3d7a7e42f13d" />
</Solution>
